<?xml version="1.0" encoding="utf-8"?>
<Project ToolsVersion="4.0" xmlns="http://schemas.microsoft.com/developer/msbuild/2003">
  <ItemGroup>
    <Filter Include="Soul">
      <UniqueIdentifier>{A87A8C7C-94B1-8D0D-3D9E-731029B4090F}</UniqueIdentifier>
    </Filter>
    <Filter Include="Soul\Events">
      <UniqueIdentifier>{8C99289D-F84E-A192-8143-9B69EDF79796}</UniqueIdentifier>
    </Filter>
    <Filter Include="Platform">
      <UniqueIdentifier>{f0a12570-e45f-4781-9e8f-4b0f72d3b6d4}</UniqueIdentifier>
    </Filter>
  </ItemGroup>
  <ItemGroup>
    <ClInclude Include="src\Soul.h" />
    <ClInclude Include="src\Soul\Application.h">
      <Filter>Soul</Filter>
    </ClInclude>
    <ClInclude Include="src\Soul\Core.h">
      <Filter>Soul</Filter>
    </ClInclude>
    <ClInclude Include="src\Soul\EntryPoint.h">
      <Filter>Soul</Filter>
    </ClInclude>
    <ClInclude Include="src\Soul\Events\ApplicationEvent.h">
      <Filter>Soul\Events</Filter>
    </ClInclude>
    <ClInclude Include="src\Soul\Events\Event.h">
      <Filter>Soul\Events</Filter>
    </ClInclude>
    <ClInclude Include="src\Soul\Events\KeyEvent.h">
      <Filter>Soul\Events</Filter>
    </ClInclude>
    <ClInclude Include="src\Soul\Events\MouseEvent.h">
      <Filter>Soul\Events</Filter>
    </ClInclude>
    <ClInclude Include="src\Soul\Log.h">
      <Filter>Soul</Filter>
    </ClInclude>
    <ClInclude Include="src\slpch.h" />
    <ClInclude Include="Window.h">
      <Filter>Soul</Filter>
    </ClInclude>
    <ClInclude Include="src\Platform\WindowsWindow.h" />
    <ClInclude Include="src\Soul\Window.h" />
  </ItemGroup>
  <ItemGroup>
    <ClCompile Include="src\Soul\Application.cpp">
      <Filter>Soul</Filter>
    </ClCompile>
    <ClCompile Include="src\Soul\Log.cpp">
      <Filter>Soul</Filter>
    </ClCompile>
    <ClCompile Include="src\slpch.cpp" />
    <ClCompile Include="src\Platform\WindowsWindow.cpp" />
  </ItemGroup>
</Project>